<?xml version="1.0" encoding="utf-8"?>
<Project ToolsVersion="4.0" xmlns="http://schemas.microsoft.com/developer/msbuild/2003">
  <ItemGroup>
    <Filter Include="src">
      <UniqueIdentifier>{4FC737F1-C7A5-4376-A066-2A32D752A2FF}</UniqueIdentifier>
      <Extensions>cpp;c;cc;cxx;def;odl;idl;hpj;bat;asm;asmx</Extensions>
    </Filter>
    <Filter Include="include">
      <UniqueIdentifier>{93995380-89BD-4b04-88EB-625FBE52EBFB}</UniqueIdentifier>
      <Extensions>h;hpp;hxx;hm;inl;inc;xsd</Extensions>
    </Filter>
    <Filter Include="src\proteus">
      <UniqueIdentifier>{972842ad-ba0a-4f8c-b82e-f1e875036f75}</UniqueIdentifier>
    </Filter>
    <Filter Include="src\proteus\core">
      <UniqueIdentifier>{472f0409-9c90-4fad-a6b9-48a802ef458c}</UniqueIdentifier>
    </Filter>
    <Filter Include="include\proteus">
      <UniqueIdentifier>{f8828f11-ec6d-404c-aeff-ec8e2d78f402}</UniqueIdentifier>
    </Filter>
    <Filter Include="include\proteus\core">
      <UniqueIdentifier>{b320f53c-0fc1-4931-9261-290f1f3917ff}</UniqueIdentifier>
    </Filter>
    <Filter Include="include\proteus\debug">
      <UniqueIdentifier>{23a6a43e-fb2e-4dba-a11e-380b64dcf913}</UniqueIdentifier>
    </Filter>
    <Filter Include="include\proteus\actor">
      <UniqueIdentifier>{b8268c3c-8d2d-4658-94ca-cdb7ee256f7a}</UniqueIdentifier>
    </Filter>
    <Filter Include="src\proteus\debug">
      <UniqueIdentifier>{a7574f71-a9be-4312-b5fc-f242f09b983c}</UniqueIdentifier>
    </Filter>
    <Filter Include="src\proteus\actor">
      <UniqueIdentifier>{4f385c76-cc10-4826-9085-35b4ec36781c}</UniqueIdentifier>
    </Filter>
    <Filter Include="Resources">
      <UniqueIdentifier>{409d84e0-763b-4162-86cd-8889ec10a42e}</UniqueIdentifier>
      <Extensions>rc;ico;cur;bmp;dlg;rc2;rct;bin;rgs;gif;jpg;jpeg;jpe;resx;tiff;tif;png;wav;mfcribbon-ms</Extensions>
    </Filter>
  </ItemGroup>
  <ItemGroup>
    <Text Include="ReadMe.txt" />
  </ItemGroup>
  <ItemGroup>
    <ClInclude Include="..\..\..\..\include\proteus\core\prGameApplication.h">
      <Filter>include\proteus\core</Filter>
    </ClInclude>
    <ClInclude Include="..\..\..\..\source\core\prTypes.h">
      <Filter>include\proteus\debug</Filter>
    </ClInclude>
    <ClInclude Include="..\..\..\..\include\proteus\core\prTypes.h">
      <Filter>include\proteus\core</Filter>
    </ClInclude>
    <ClInclude Include="..\..\..\..\include\proteus\core\prConfig.h">
      <Filter>include\proteus\core</Filter>
    </ClInclude>
  </ItemGroup>
  <ItemGroup>
    <ClCompile Include="..\..\..\..\src\proteus\core\prGameApplication.cpp">
      <Filter>src\proteus\core</Filter>
    </ClCompile>
  </ItemGroup>
</Project>